// !$*UTF8*$!
{
	archiveVersion = 1;
	classes = {
	};
	objectVersion = 56;
	objects = {

/* Begin PBXBuildFile section */
		590B287A290086A2007CD5BA /* Extensions.swift in Sources */ = {isa = PBXBuildFile; fileRef = 590B2879290086A2007CD5BA /* Extensions.swift */; };
		590BC87429015B1C004D311B /* GoogleService-Info.plist in Resources */ = {isa = PBXBuildFile; fileRef = 590BC87329015B1C004D311B /* GoogleService-Info.plist */; };
		5960ADEC2900698900F1B280 /* AppDelegate.swift in Sources */ = {isa = PBXBuildFile; fileRef = 5960ADEB2900698900F1B280 /* AppDelegate.swift */; };
		5960ADEE2900698900F1B280 /* SceneDelegate.swift in Sources */ = {isa = PBXBuildFile; fileRef = 5960ADED2900698900F1B280 /* SceneDelegate.swift */; };
		5960ADF02900698900F1B280 /* ConversationsViewController.swift in Sources */ = {isa = PBXBuildFile; fileRef = 5960ADEF2900698900F1B280 /* ConversationsViewController.swift */; };
		5960ADF32900698900F1B280 /* Main.storyboard in Resources */ = {isa = PBXBuildFile; fileRef = 5960ADF12900698900F1B280 /* Main.storyboard */; };
		5960ADF62900698900F1B280 /* Messenger.xcdatamodeld in Sources */ = {isa = PBXBuildFile; fileRef = 5960ADF42900698900F1B280 /* Messenger.xcdatamodeld */; };
		5960ADF82900698B00F1B280 /* Assets.xcassets in Resources */ = {isa = PBXBuildFile; fileRef = 5960ADF72900698B00F1B280 /* Assets.xcassets */; };
		5960ADFB2900698B00F1B280 /* LaunchScreen.storyboard in Resources */ = {isa = PBXBuildFile; fileRef = 5960ADF92900698B00F1B280 /* LaunchScreen.storyboard */; };
		5960AE0A29007F0C00F1B280 /* PhotoViewerViewController.swift in Sources */ = {isa = PBXBuildFile; fileRef = 5960AE0929007F0C00F1B280 /* PhotoViewerViewController.swift */; };
		5960AE0C29007F2000F1B280 /* VideoPlayerViewController.swift in Sources */ = {isa = PBXBuildFile; fileRef = 5960AE0B29007F2000F1B280 /* VideoPlayerViewController.swift */; };
		5960AE0E29007F2500F1B280 /* LoginViewController.swift in Sources */ = {isa = PBXBuildFile; fileRef = 5960AE0D29007F2500F1B280 /* LoginViewController.swift */; };
		5960AE1029007F2A00F1B280 /* RegisterViewController.swift in Sources */ = {isa = PBXBuildFile; fileRef = 5960AE0F29007F2A00F1B280 /* RegisterViewController.swift */; };
		5960AE1229007F4300F1B280 /* NewConversationViewController.swift in Sources */ = {isa = PBXBuildFile; fileRef = 5960AE1129007F4300F1B280 /* NewConversationViewController.swift */; };
		5960AE1429007F4D00F1B280 /* ProfileViewController.swift in Sources */ = {isa = PBXBuildFile; fileRef = 5960AE1329007F4D00F1B280 /* ProfileViewController.swift */; };
		BDE591DF751FA094CE7BEBA2 /* Pods_Messenger.framework in Frameworks */ = {isa = PBXBuildFile; fileRef = 902D999C11D3FAF5E9668569 /* Pods_Messenger.framework */; };
/* End PBXBuildFile section */

/* Begin PBXFileReference section */
		1826735A3EBE9D948CB0BFE3 /* Pods-Messenger.debug.xcconfig */ = {isa = PBXFileReference; includeInIndex = 1; lastKnownFileType = text.xcconfig; name = "Pods-Messenger.debug.xcconfig"; path = "Target Support Files/Pods-Messenger/Pods-Messenger.debug.xcconfig"; sourceTree = "<group>"; };
		590B2879290086A2007CD5BA /* Extensions.swift */ = {isa = PBXFileReference; lastKnownFileType = sourcecode.swift; path = Extensions.swift; sourceTree = "<group>"; };
		590BC87329015B1C004D311B /* GoogleService-Info.plist */ = {isa = PBXFileReference; fileEncoding = 4; lastKnownFileType = text.plist.xml; path = "GoogleService-Info.plist"; sourceTree = "<group>"; };
		5960ADE82900698900F1B280 /* Messenger.app */ = {isa = PBXFileReference; explicitFileType = wrapper.application; includeInIndex = 0; path = Messenger.app; sourceTree = BUILT_PRODUCTS_DIR; };
		5960ADEB2900698900F1B280 /* AppDelegate.swift */ = {isa = PBXFileReference; lastKnownFileType = sourcecode.swift; path = AppDelegate.swift; sourceTree = "<group>"; };
		5960ADED2900698900F1B280 /* SceneDelegate.swift */ = {isa = PBXFileReference; lastKnownFileType = sourcecode.swift; path = SceneDelegate.swift; sourceTree = "<group>"; };
		5960ADEF2900698900F1B280 /* ConversationsViewController.swift */ = {isa = PBXFileReference; lastKnownFileType = sourcecode.swift; path = ConversationsViewController.swift; sourceTree = "<group>"; };
		5960ADF22900698900F1B280 /* Base */ = {isa = PBXFileReference; lastKnownFileType = file.storyboard; name = Base; path = Base.lproj/Main.storyboard; sourceTree = "<group>"; };
		5960ADF52900698900F1B280 /* Messenger.xcdatamodel */ = {isa = PBXFileReference; lastKnownFileType = wrapper.xcdatamodel; path = Messenger.xcdatamodel; sourceTree = "<group>"; };
		5960ADF72900698B00F1B280 /* Assets.xcassets */ = {isa = PBXFileReference; lastKnownFileType = folder.assetcatalog; path = Assets.xcassets; sourceTree = "<group>"; };
		5960ADFA2900698B00F1B280 /* Base */ = {isa = PBXFileReference; lastKnownFileType = file.storyboard; name = Base; path = Base.lproj/LaunchScreen.storyboard; sourceTree = "<group>"; };
		5960ADFC2900698B00F1B280 /* Info.plist */ = {isa = PBXFileReference; lastKnownFileType = text.plist.xml; path = Info.plist; sourceTree = "<group>"; };
		5960AE0929007F0C00F1B280 /* PhotoViewerViewController.swift */ = {isa = PBXFileReference; lastKnownFileType = sourcecode.swift; path = PhotoViewerViewController.swift; sourceTree = "<group>"; };
		5960AE0B29007F2000F1B280 /* VideoPlayerViewController.swift */ = {isa = PBXFileReference; lastKnownFileType = sourcecode.swift; path = VideoPlayerViewController.swift; sourceTree = "<group>"; };
		5960AE0D29007F2500F1B280 /* LoginViewController.swift */ = {isa = PBXFileReference; lastKnownFileType = sourcecode.swift; path = LoginViewController.swift; sourceTree = "<group>"; };
		5960AE0F29007F2A00F1B280 /* RegisterViewController.swift */ = {isa = PBXFileReference; lastKnownFileType = sourcecode.swift; path = RegisterViewController.swift; sourceTree = "<group>"; };
		5960AE1129007F4300F1B280 /* NewConversationViewController.swift */ = {isa = PBXFileReference; lastKnownFileType = sourcecode.swift; path = NewConversationViewController.swift; sourceTree = "<group>"; };
		5960AE1329007F4D00F1B280 /* ProfileViewController.swift */ = {isa = PBXFileReference; lastKnownFileType = sourcecode.swift; path = ProfileViewController.swift; sourceTree = "<group>"; };
		734A51779BC834ED1F05DA73 /* Pods-Messenger.release.xcconfig */ = {isa = PBXFileReference; includeInIndex = 1; lastKnownFileType = text.xcconfig; name = "Pods-Messenger.release.xcconfig"; path = "Target Support Files/Pods-Messenger/Pods-Messenger.release.xcconfig"; sourceTree = "<group>"; };
		902D999C11D3FAF5E9668569 /* Pods_Messenger.framework */ = {isa = PBXFileReference; explicitFileType = wrapper.framework; includeInIndex = 0; path = Pods_Messenger.framework; sourceTree = BUILT_PRODUCTS_DIR; };
/* End PBXFileReference section */

/* Begin PBXFrameworksBuildPhase section */
		5960ADE52900698900F1B280 /* Frameworks */ = {
			isa = PBXFrameworksBuildPhase;
			buildActionMask = 2147483647;
			files = (
				BDE591DF751FA094CE7BEBA2 /* Pods_Messenger.framework in Frameworks */,
			);
			runOnlyForDeploymentPostprocessing = 0;
		};
/* End PBXFrameworksBuildPhase section */

/* Begin PBXGroup section */
		590B287829008270007CD5BA /* Login */ = {
			isa = PBXGroup;
			children = (
				5960AE0D29007F2500F1B280 /* LoginViewController.swift */,
				5960AE0F29007F2A00F1B280 /* RegisterViewController.swift */,
			);
			path = Login;
			sourceTree = "<group>";
		};
		590B287B29009408007CD5BA /* Storyboards */ = {
			isa = PBXGroup;
			children = (
				5960ADF12900698900F1B280 /* Main.storyboard */,
				5960ADF92900698B00F1B280 /* LaunchScreen.storyboard */,
			);
			path = Storyboards;
			sourceTree = "<group>";
		};
		5960ADDF2900698900F1B280 = {
			isa = PBXGroup;
			children = (
				5960ADEA2900698900F1B280 /* Messenger */,
				5960ADE92900698900F1B280 /* Products */,
				C106A909587621564E9E9D9D /* Pods */,
				CBAC1C934F910FD66BB7C01C /* Frameworks */,
			);
			sourceTree = "<group>";
		};
		5960ADE92900698900F1B280 /* Products */ = {
			isa = PBXGroup;
			children = (
				5960ADE82900698900F1B280 /* Messenger.app */,
			);
			name = Products;
			sourceTree = "<group>";
		};
		5960ADEA2900698900F1B280 /* Messenger */ = {
			isa = PBXGroup;
			children = (
				590BC87329015B1C004D311B /* GoogleService-Info.plist */,
				5960AE06290069F700F1B280 /* Resources */,
				5960AE05290069D700F1B280 /* ViewModels */,
				5960AE04290069D200F1B280 /* Models */,
				5960AE03290069CA00F1B280 /* Views */,
				5960AE02290069B900F1B280 /* Controllers */,
				5960ADFC2900698B00F1B280 /* Info.plist */,
			);
			path = Messenger;
			sourceTree = "<group>";
		};
		5960AE02290069B900F1B280 /* Controllers */ = {
			isa = PBXGroup;
			children = (
				5960ADEF2900698900F1B280 /* ConversationsViewController.swift */,
				590B287829008270007CD5BA /* Login */,
				5960AE0929007F0C00F1B280 /* PhotoViewerViewController.swift */,
				5960AE0B29007F2000F1B280 /* VideoPlayerViewController.swift */,
				5960AE1129007F4300F1B280 /* NewConversationViewController.swift */,
				5960AE1329007F4D00F1B280 /* ProfileViewController.swift */,
			);
			path = Controllers;
			sourceTree = "<group>";
		};
		5960AE03290069CA00F1B280 /* Views */ = {
			isa = PBXGroup;
			children = (
				590B287B29009408007CD5BA /* Storyboards */,
				5960ADF72900698B00F1B280 /* Assets.xcassets */,
			);
			path = Views;
			sourceTree = "<group>";
		};
		5960AE04290069D200F1B280 /* Models */ = {
			isa = PBXGroup;
			children = (
				5960ADF42900698900F1B280 /* Messenger.xcdatamodeld */,
			);
			path = Models;
			sourceTree = "<group>";
		};
		5960AE05290069D700F1B280 /* ViewModels */ = {
			isa = PBXGroup;
			children = (
			);
			path = ViewModels;
			sourceTree = "<group>";
		};
		5960AE06290069F700F1B280 /* Resources */ = {
			isa = PBXGroup;
			children = (
				5960ADEB2900698900F1B280 /* AppDelegate.swift */,
				5960ADED2900698900F1B280 /* SceneDelegate.swift */,
				590B2879290086A2007CD5BA /* Extensions.swift */,
			);
			path = Resources;
			sourceTree = "<group>";
		};
		C106A909587621564E9E9D9D /* Pods */ = {
			isa = PBXGroup;
			children = (
				1826735A3EBE9D948CB0BFE3 /* Pods-Messenger.debug.xcconfig */,
				734A51779BC834ED1F05DA73 /* Pods-Messenger.release.xcconfig */,
			);
			path = Pods;
			sourceTree = "<group>";
		};
		CBAC1C934F910FD66BB7C01C /* Frameworks */ = {
			isa = PBXGroup;
			children = (
				902D999C11D3FAF5E9668569 /* Pods_Messenger.framework */,
			);
			name = Frameworks;
			sourceTree = "<group>";
		};
/* End PBXGroup section */

/* Begin PBXNativeTarget section */
		5960ADE72900698900F1B280 /* Messenger */ = {
			isa = PBXNativeTarget;
			buildConfigurationList = 5960ADFF2900698B00F1B280 /* Build configuration list for PBXNativeTarget "Messenger" */;
			buildPhases = (
				04ED8B66693EE30E32530BF4 /* [CP] Check Pods Manifest.lock */,
				5960ADE42900698900F1B280 /* Sources */,
				5960ADE52900698900F1B280 /* Frameworks */,
				5960ADE62900698900F1B280 /* Resources */,
				F79BA6E185293F15C75FF8A2 /* [CP] Embed Pods Frameworks */,
			);
			buildRules = (
			);
			dependencies = (
			);
			name = Messenger;
			productName = Messenger;
			productReference = 5960ADE82900698900F1B280 /* Messenger.app */;
			productType = "com.apple.product-type.application";
		};
/* End PBXNativeTarget section */

/* Begin PBXProject section */
		5960ADE02900698900F1B280 /* Project object */ = {
			isa = PBXProject;
			attributes = {
				BuildIndependentTargetsInParallel = 1;
				LastSwiftUpdateCheck = 1400;
				LastUpgradeCheck = 1400;
				TargetAttributes = {
					5960ADE72900698900F1B280 = {
						CreatedOnToolsVersion = 14.0.1;
					};
				};
			};
			buildConfigurationList = 5960ADE32900698900F1B280 /* Build configuration list for PBXProject "Messenger" */;
			compatibilityVersion = "Xcode 14.0";
			developmentRegion = en;
			hasScannedForEncodings = 0;
			knownRegions = (
				en,
				Base,
			);
			mainGroup = 5960ADDF2900698900F1B280;
			productRefGroup = 5960ADE92900698900F1B280 /* Products */;
			projectDirPath = "";
			projectRoot = "";
			targets = (
				5960ADE72900698900F1B280 /* Messenger */,
			);
		};
/* End PBXProject section */

/* Begin PBXResourcesBuildPhase section */
		5960ADE62900698900F1B280 /* Resources */ = {
			isa = PBXResourcesBuildPhase;
			buildActionMask = 2147483647;
			files = (
				5960ADFB2900698B00F1B280 /* LaunchScreen.storyboard in Resources */,
				590BC87429015B1C004D311B /* GoogleService-Info.plist in Resources */,
				5960ADF82900698B00F1B280 /* Assets.xcassets in Resources */,
				5960ADF32900698900F1B280 /* Main.storyboard in Resources */,
			);
			runOnlyForDeploymentPostprocessing = 0;
		};
/* End PBXResourcesBuildPhase section */

/* Begin PBXShellScriptBuildPhase section */
		04ED8B66693EE30E32530BF4 /* [CP] Check Pods Manifest.lock */ = {
			isa = PBXShellScriptBuildPhase;
			buildActionMask = 2147483647;
			files = (
			);
			inputFileListPaths = (
			);
			inputPaths = (
				"${PODS_PODFILE_DIR_PATH}/Podfile.lock",
				"${PODS_ROOT}/Manifest.lock",
			);
			name = "[CP] Check Pods Manifest.lock";
			outputFileListPaths = (
			);
			outputPaths = (
				"$(DERIVED_FILE_DIR)/Pods-Messenger-checkManifestLockResult.txt",
			);
			runOnlyForDeploymentPostprocessing = 0;
			shellPath = /bin/sh;
			shellScript = "diff \"${PODS_PODFILE_DIR_PATH}/Podfile.lock\" \"${PODS_ROOT}/Manifest.lock\" > /dev/null\nif [ $? != 0 ] ; then\n    # print error to STDERR\n    echo \"error: The sandbox is not in sync with the Podfile.lock. Run 'pod install' or update your CocoaPods installation.\" >&2\n    exit 1\nfi\n# This output is used by Xcode 'outputs' to avoid re-running this script phase.\necho \"SUCCESS\" > \"${SCRIPT_OUTPUT_FILE_0}\"\n";
			showEnvVarsInLog = 0;
		};
		F79BA6E185293F15C75FF8A2 /* [CP] Embed Pods Frameworks */ = {
			isa = PBXShellScriptBuildPhase;
			buildActionMask = 2147483647;
			files = (
			);
			inputFileListPaths = (
				"${PODS_ROOT}/Target Support Files/Pods-Messenger/Pods-Messenger-frameworks-${CONFIGURATION}-input-files.xcfilelist",
			);
			name = "[CP] Embed Pods Frameworks";
			outputFileListPaths = (
				"${PODS_ROOT}/Target Support Files/Pods-Messenger/Pods-Messenger-frameworks-${CONFIGURATION}-output-files.xcfilelist",
			);
			runOnlyForDeploymentPostprocessing = 0;
			shellPath = /bin/sh;
			shellScript = "\"${PODS_ROOT}/Target Support Files/Pods-Messenger/Pods-Messenger-frameworks.sh\"\n";
			showEnvVarsInLog = 0;
		};
/* End PBXShellScriptBuildPhase section */

/* Begin PBXSourcesBuildPhase section */
		5960ADE42900698900F1B280 /* Sources */ = {
			isa = PBXSourcesBuildPhase;
			buildActionMask = 2147483647;
			files = (
				5960AE0E29007F2500F1B280 /* LoginViewController.swift in Sources */,
				5960ADF02900698900F1B280 /* ConversationsViewController.swift in Sources */,
				5960AE1429007F4D00F1B280 /* ProfileViewController.swift in Sources */,
				5960ADEC2900698900F1B280 /* AppDelegate.swift in Sources */,
				5960AE1029007F2A00F1B280 /* RegisterViewController.swift in Sources */,
				5960AE0A29007F0C00F1B280 /* PhotoViewerViewController.swift in Sources */,
				5960AE0C29007F2000F1B280 /* VideoPlayerViewController.swift in Sources */,
				5960AE1229007F4300F1B280 /* NewConversationViewController.swift in Sources */,
				5960ADEE2900698900F1B280 /* SceneDelegate.swift in Sources */,
				590B287A290086A2007CD5BA /* Extensions.swift in Sources */,
				5960ADF62900698900F1B280 /* Messenger.xcdatamodeld in Sources */,
			);
			runOnlyForDeploymentPostprocessing = 0;
		};
/* End PBXSourcesBuildPhase section */

/* Begin PBXVariantGroup section */
		5960ADF12900698900F1B280 /* Main.storyboard */ = {
			isa = PBXVariantGroup;
			children = (
				5960ADF22900698900F1B280 /* Base */,
			);
			name = Main.storyboard;
			sourceTree = "<group>";
		};
		5960ADF92900698B00F1B280 /* LaunchScreen.storyboard */ = {
			isa = PBXVariantGroup;
			children = (
				5960ADFA2900698B00F1B280 /* Base */,
			);
			name = LaunchScreen.storyboard;
			sourceTree = "<group>";
		};
/* End PBXVariantGroup section */

/* Begin XCBuildConfiguration section */
		5960ADFD2900698B00F1B280 /* Debug */ = {
			isa = XCBuildConfiguration;
			buildSettings = {
				ALWAYS_SEARCH_USER_PATHS = NO;
				CLANG_ANALYZER_NONNULL = YES;
				CLANG_ANALYZER_NUMBER_OBJECT_CONVERSION = YES_AGGRESSIVE;
				CLANG_CXX_LANGUAGE_STANDARD = "gnu++20";
				CLANG_ENABLE_MODULES = YES;
				CLANG_ENABLE_OBJC_ARC = YES;
				CLANG_ENABLE_OBJC_WEAK = YES;
				CLANG_WARN_BLOCK_CAPTURE_AUTORELEASING = YES;
				CLANG_WARN_BOOL_CONVERSION = YES;
				CLANG_WARN_COMMA = YES;
				CLANG_WARN_CONSTANT_CONVERSION = YES;
				CLANG_WARN_DEPRECATED_OBJC_IMPLEMENTATIONS = YES;
				CLANG_WARN_DIRECT_OBJC_ISA_USAGE = YES_ERROR;
				CLANG_WARN_DOCUMENTATION_COMMENTS = YES;
				CLANG_WARN_EMPTY_BODY = YES;
				CLANG_WARN_ENUM_CONVERSION = YES;
				CLANG_WARN_INFINITE_RECURSION = YES;
				CLANG_WARN_INT_CONVERSION = YES;
				CLANG_WARN_NON_LITERAL_NULL_CONVERSION = YES;
				CLANG_WARN_OBJC_IMPLICIT_RETAIN_SELF = YES;
				CLANG_WARN_OBJC_LITERAL_CONVERSION = YES;
				CLANG_WARN_OBJC_ROOT_CLASS = YES_ERROR;
				CLANG_WARN_QUOTED_INCLUDE_IN_FRAMEWORK_HEADER = YES;
				CLANG_WARN_RANGE_LOOP_ANALYSIS = YES;
				CLANG_WARN_STRICT_PROTOTYPES = YES;
				CLANG_WARN_SUSPICIOUS_MOVE = YES;
				CLANG_WARN_UNGUARDED_AVAILABILITY = YES_AGGRESSIVE;
				CLANG_WARN_UNREACHABLE_CODE = YES;
				CLANG_WARN__DUPLICATE_METHOD_MATCH = YES;
				COPY_PHASE_STRIP = NO;
				DEBUG_INFORMATION_FORMAT = dwarf;
				ENABLE_STRICT_OBJC_MSGSEND = YES;
				ENABLE_TESTABILITY = YES;
				GCC_C_LANGUAGE_STANDARD = gnu11;
				GCC_DYNAMIC_NO_PIC = NO;
				GCC_NO_COMMON_BLOCKS = YES;
				GCC_OPTIMIZATION_LEVEL = 0;
				GCC_PREPROCESSOR_DEFINITIONS = (
					"DEBUG=1",
					"$(inherited)",
				);
				GCC_WARN_64_TO_32_BIT_CONVERSION = YES;
				GCC_WARN_ABOUT_RETURN_TYPE = YES_ERROR;
				GCC_WARN_UNDECLARED_SELECTOR = YES;
				GCC_WARN_UNINITIALIZED_AUTOS = YES_AGGRESSIVE;
				GCC_WARN_UNUSED_FUNCTION = YES;
				GCC_WARN_UNUSED_VARIABLE = YES;
				IPHONEOS_DEPLOYMENT_TARGET = 16.0;
				MTL_ENABLE_DEBUG_INFO = INCLUDE_SOURCE;
				MTL_FAST_MATH = YES;
				ONLY_ACTIVE_ARCH = YES;
				SDKROOT = iphoneos;
				SWIFT_ACTIVE_COMPILATION_CONDITIONS = DEBUG;
				SWIFT_OPTIMIZATION_LEVEL = "-Onone";
			};
			name = Debug;
		};
		5960ADFE2900698B00F1B280 /* Release */ = {
			isa = XCBuildConfiguration;
			buildSettings = {
				ALWAYS_SEARCH_USER_PATHS = NO;
				CLANG_ANALYZER_NONNULL = YES;
				CLANG_ANALYZER_NUMBER_OBJECT_CONVERSION = YES_AGGRESSIVE;
				CLANG_CXX_LANGUAGE_STANDARD = "gnu++20";
				CLANG_ENABLE_MODULES = YES;
				CLANG_ENABLE_OBJC_ARC = YES;
				CLANG_ENABLE_OBJC_WEAK = YES;
				CLANG_WARN_BLOCK_CAPTURE_AUTORELEASING = YES;
				CLANG_WARN_BOOL_CONVERSION = YES;
				CLANG_WARN_COMMA = YES;
				CLANG_WARN_CONSTANT_CONVERSION = YES;
				CLANG_WARN_DEPRECATED_OBJC_IMPLEMENTATIONS = YES;
				CLANG_WARN_DIRECT_OBJC_ISA_USAGE = YES_ERROR;
				CLANG_WARN_DOCUMENTATION_COMMENTS = YES;
				CLANG_WARN_EMPTY_BODY = YES;
				CLANG_WARN_ENUM_CONVERSION = YES;
				CLANG_WARN_INFINITE_RECURSION = YES;
				CLANG_WARN_INT_CONVERSION = YES;
				CLANG_WARN_NON_LITERAL_NULL_CONVERSION = YES;
				CLANG_WARN_OBJC_IMPLICIT_RETAIN_SELF = YES;
				CLANG_WARN_OBJC_LITERAL_CONVERSION = YES;
				CLANG_WARN_OBJC_ROOT_CLASS = YES_ERROR;
				CLANG_WARN_QUOTED_INCLUDE_IN_FRAMEWORK_HEADER = YES;
				CLANG_WARN_RANGE_LOOP_ANALYSIS = YES;
				CLANG_WARN_STRICT_PROTOTYPES = YES;
				CLANG_WARN_SUSPICIOUS_MOVE = YES;
				CLANG_WARN_UNGUARDED_AVAILABILITY = YES_AGGRESSIVE;
				CLANG_WARN_UNREACHABLE_CODE = YES;
				CLANG_WARN__DUPLICATE_METHOD_MATCH = YES;
				COPY_PHASE_STRIP = NO;
				DEBUG_INFORMATION_FORMAT = "dwarf-with-dsym";
				ENABLE_NS_ASSERTIONS = NO;
				ENABLE_STRICT_OBJC_MSGSEND = YES;
				GCC_C_LANGUAGE_STANDARD = gnu11;
				GCC_NO_COMMON_BLOCKS = YES;
				GCC_WARN_64_TO_32_BIT_CONVERSION = YES;
				GCC_WARN_ABOUT_RETURN_TYPE = YES_ERROR;
				GCC_WARN_UNDECLARED_SELECTOR = YES;
				GCC_WARN_UNINITIALIZED_AUTOS = YES_AGGRESSIVE;
				GCC_WARN_UNUSED_FUNCTION = YES;
				GCC_WARN_UNUSED_VARIABLE = YES;
				IPHONEOS_DEPLOYMENT_TARGET = 16.0;
				MTL_ENABLE_DEBUG_INFO = NO;
				MTL_FAST_MATH = YES;
				SDKROOT = iphoneos;
				SWIFT_COMPILATION_MODE = wholemodule;
				SWIFT_OPTIMIZATION_LEVEL = "-O";
				VALIDATE_PRODUCT = YES;
			};
			name = Release;
		};
		5960AE002900698B00F1B280 /* Debug */ = {
			isa = XCBuildConfiguration;
			baseConfigurationReference = 1826735A3EBE9D948CB0BFE3 /* Pods-Messenger.debug.xcconfig */;
			buildSettings = {
				ASSETCATALOG_COMPILER_APPICON_NAME = AppIcon;
				ASSETCATALOG_COMPILER_GLOBAL_ACCENT_COLOR_NAME = AccentColor;
				CODE_SIGN_STYLE = Automatic;
				CURRENT_PROJECT_VERSION = 1;
				DEVELOPMENT_TEAM = R47L243CNF;
				GENERATE_INFOPLIST_FILE = YES;
				INFOPLIST_FILE = Messenger/Info.plist;
				INFOPLIST_KEY_UIApplicationSupportsIndirectInputEvents = YES;
				INFOPLIST_KEY_UILaunchStoryboardName = LaunchScreen;
				INFOPLIST_KEY_UIMainStoryboardFile = Main;
				INFOPLIST_KEY_UISupportedInterfaceOrientations = UIInterfaceOrientationPortrait;
				INFOPLIST_KEY_UISupportedInterfaceOrientations_iPad = "UIInterfaceOrientationLandscapeLeft UIInterfaceOrientationLandscapeRight UIInterfaceOrientationPortrait UIInterfaceOrientationPortraitUpsideDown";
				LD_RUNPATH_SEARCH_PATHS = (
					"$(inherited)",
					"@executable_path/Frameworks",
				);
				MARKETING_VERSION = 1.0;
				PRODUCT_BUNDLE_IDENTIFIER = me.evzhenii.Messenger;
				PRODUCT_NAME = "$(TARGET_NAME)";
				SWIFT_EMIT_LOC_STRINGS = YES;
				SWIFT_VERSION = 5.0;
				TARGETED_DEVICE_FAMILY = "1,2";
			};
			name = Debug;
		};
		5960AE012900698B00F1B280 /* Release */ = {
			isa = XCBuildConfiguration;
			baseConfigurationReference = 734A51779BC834ED1F05DA73 /* Pods-Messenger.release.xcconfig */;
			buildSettings = {
				ASSETCATALOG_COMPILER_APPICON_NAME = AppIcon;
				ASSETCATALOG_COMPILER_GLOBAL_ACCENT_COLOR_NAME = AccentColor;
				CODE_SIGN_STYLE = Automatic;
				CURRENT_PROJECT_VERSION = 1;
				DEVELOPMENT_TEAM = R47L243CNF;
				GENERATE_INFOPLIST_FILE = YES;
				INFOPLIST_FILE = Messenger/Info.plist;
				INFOPLIST_KEY_UIApplicationSupportsIndirectInputEvents = YES;
				INFOPLIST_KEY_UILaunchStoryboardName = LaunchScreen;
				INFOPLIST_KEY_UIMainStoryboardFile = Main;
				INFOPLIST_KEY_UISupportedInterfaceOrientations = UIInterfaceOrientationPortrait;
				INFOPLIST_KEY_UISupportedInterfaceOrientations_iPad = "UIInterfaceOrientationLandscapeLeft UIInterfaceOrientationLandscapeRight UIInterfaceOrientationPortrait UIInterfaceOrientationPortraitUpsideDown";
				LD_RUNPATH_SEARCH_PATHS = (
					"$(inherited)",
					"@executable_path/Frameworks",
				);
				MARKETING_VERSION = 1.0;
				PRODUCT_BUNDLE_IDENTIFIER = me.evzhenii.Messenger;
				PRODUCT_NAME = "$(TARGET_NAME)";
				SWIFT_EMIT_LOC_STRINGS = YES;
				SWIFT_VERSION = 5.0;
				TARGETED_DEVICE_FAMILY = "1,2";
			};
			name = Release;
		};
/* End XCBuildConfiguration section */

/* Begin XCConfigurationList section */
		5960ADE32900698900F1B280 /* Build configuration list for PBXProject "Messenger" */ = {
			isa = XCConfigurationList;
			buildConfigurations = (
				5960ADFD2900698B00F1B280 /* Debug */,
				5960ADFE2900698B00F1B280 /* Release */,
			);
			defaultConfigurationIsVisible = 0;
			defaultConfigurationName = Release;
		};
		5960ADFF2900698B00F1B280 /* Build configuration list for PBXNativeTarget "Messenger" */ = {
			isa = XCConfigurationList;
			buildConfigurations = (
				5960AE002900698B00F1B280 /* Debug */,
				5960AE012900698B00F1B280 /* Release */,
			);
			defaultConfigurationIsVisible = 0;
			defaultConfigurationName = Release;
		};
/* End XCConfigurationList section */

/* Begin XCVersionGroup section */
		5960ADF42900698900F1B280 /* Messenger.xcdatamodeld */ = {
			isa = XCVersionGroup;
			children = (
				5960ADF52900698900F1B280 /* Messenger.xcdatamodel */,
			);
			currentVersion = 5960ADF52900698900F1B280 /* Messenger.xcdatamodel */;
			path = Messenger.xcdatamodeld;
			sourceTree = "<group>";
			versionGroupType = wrapper.xcdatamodel;
		};
/* End XCVersionGroup section */
	};
	rootObject = 5960ADE02900698900F1B280 /* Project object */;
}
